// !$*UTF8*$!
{
	archiveVersion = 1;
	classes = {
	};
	objectVersion = 50;
	objects = {

/* Begin PBXBuildFile section */
		38869CBF36851C0F00E12C4B /* Pods_producthuntclient.framework in Frameworks */ = {isa = PBXBuildFile; fileRef = BD853D82938AB3291487134A /* Pods_producthuntclient.framework */; };
		603119D80C592DDCC821EEEC /* Pods_producthuntclientTests.framework in Frameworks */ = {isa = PBXBuildFile; fileRef = 424F6B50B7475C8AA659C775 /* Pods_producthuntclientTests.framework */; };
		85DA5048C5E3FEF04CD314E7 /* Pods_producthuntclientUITests.framework in Frameworks */ = {isa = PBXBuildFile; fileRef = A4FE7388B5BBA7449CAF7C3C /* Pods_producthuntclientUITests.framework */; };
		B8A0E7562204DDD700F3A637 /* AppDelegate.swift in Sources */ = {isa = PBXBuildFile; fileRef = B8A0E7552204DDD700F3A637 /* AppDelegate.swift */; };
		B8A0E7582204DDD700F3A637 /* ViewController.swift in Sources */ = {isa = PBXBuildFile; fileRef = B8A0E7572204DDD700F3A637 /* ViewController.swift */; };
		B8A0E75B2204DDD700F3A637 /* Main.storyboard in Resources */ = {isa = PBXBuildFile; fileRef = B8A0E7592204DDD700F3A637 /* Main.storyboard */; };
		B8A0E75D2204DDD800F3A637 /* Assets.xcassets in Resources */ = {isa = PBXBuildFile; fileRef = B8A0E75C2204DDD800F3A637 /* Assets.xcassets */; };
		B8A0E7602204DDD800F3A637 /* LaunchScreen.storyboard in Resources */ = {isa = PBXBuildFile; fileRef = B8A0E75E2204DDD800F3A637 /* LaunchScreen.storyboard */; };
		B8A0E76B2204DDD800F3A637 /* producthuntclientTests.swift in Sources */ = {isa = PBXBuildFile; fileRef = B8A0E76A2204DDD800F3A637 /* producthuntclientTests.swift */; };
		B8A0E7762204DDD800F3A637 /* producthuntclientUITests.swift in Sources */ = {isa = PBXBuildFile; fileRef = B8A0E7752204DDD800F3A637 /* producthuntclientUITests.swift */; };
		B8A0E7872204E43F00F3A637 /* Config.plist in Resources */ = {isa = PBXBuildFile; fileRef = B8A0E7862204E43F00F3A637 /* Config.plist */; };
		B8A0E7892204EC9E00F3A637 /* ConfigurationKeys.swift in Sources */ = {isa = PBXBuildFile; fileRef = B8A0E7882204EC9E00F3A637 /* ConfigurationKeys.swift */; };
		B8A0E78C2204EEA200F3A637 /* ConfigurationProvider.swift in Sources */ = {isa = PBXBuildFile; fileRef = B8A0E78B2204EEA200F3A637 /* ConfigurationProvider.swift */; };
/* End PBXBuildFile section */

/* Begin PBXContainerItemProxy section */
		B8A0E7672204DDD800F3A637 /* PBXContainerItemProxy */ = {
			isa = PBXContainerItemProxy;
			containerPortal = B8A0E74A2204DDD600F3A637 /* Project object */;
			proxyType = 1;
			remoteGlobalIDString = B8A0E7512204DDD700F3A637;
			remoteInfo = producthuntclient;
		};
		B8A0E7722204DDD800F3A637 /* PBXContainerItemProxy */ = {
			isa = PBXContainerItemProxy;
			containerPortal = B8A0E74A2204DDD600F3A637 /* Project object */;
			proxyType = 1;
			remoteGlobalIDString = B8A0E7512204DDD700F3A637;
			remoteInfo = producthuntclient;
		};
/* End PBXContainerItemProxy section */

/* Begin PBXFileReference section */
		26A4DB93A03A44B8CA71AB97 /* Pods-producthuntclientTests.debug.xcconfig */ = {isa = PBXFileReference; includeInIndex = 1; lastKnownFileType = text.xcconfig; name = "Pods-producthuntclientTests.debug.xcconfig"; path = "Pods/Target Support Files/Pods-producthuntclientTests/Pods-producthuntclientTests.debug.xcconfig"; sourceTree = "<group>"; };
		3623366D2861F318C0BEF6E3 /* Pods-producthuntclientUITests.release.xcconfig */ = {isa = PBXFileReference; includeInIndex = 1; lastKnownFileType = text.xcconfig; name = "Pods-producthuntclientUITests.release.xcconfig"; path = "Pods/Target Support Files/Pods-producthuntclientUITests/Pods-producthuntclientUITests.release.xcconfig"; sourceTree = "<group>"; };
		424F6B50B7475C8AA659C775 /* Pods_producthuntclientTests.framework */ = {isa = PBXFileReference; explicitFileType = wrapper.framework; includeInIndex = 0; path = Pods_producthuntclientTests.framework; sourceTree = BUILT_PRODUCTS_DIR; };
		84C2F5773C6971DF36BEA0CD /* Pods-producthuntclient.release.xcconfig */ = {isa = PBXFileReference; includeInIndex = 1; lastKnownFileType = text.xcconfig; name = "Pods-producthuntclient.release.xcconfig"; path = "Pods/Target Support Files/Pods-producthuntclient/Pods-producthuntclient.release.xcconfig"; sourceTree = "<group>"; };
		A07A6E89EEE542C38229CC77 /* Pods-producthuntclientUITests.debug.xcconfig */ = {isa = PBXFileReference; includeInIndex = 1; lastKnownFileType = text.xcconfig; name = "Pods-producthuntclientUITests.debug.xcconfig"; path = "Pods/Target Support Files/Pods-producthuntclientUITests/Pods-producthuntclientUITests.debug.xcconfig"; sourceTree = "<group>"; };
		A4FE7388B5BBA7449CAF7C3C /* Pods_producthuntclientUITests.framework */ = {isa = PBXFileReference; explicitFileType = wrapper.framework; includeInIndex = 0; path = Pods_producthuntclientUITests.framework; sourceTree = BUILT_PRODUCTS_DIR; };
		B8A0E7522204DDD700F3A637 /* producthuntclient.app */ = {isa = PBXFileReference; explicitFileType = wrapper.application; includeInIndex = 0; path = producthuntclient.app; sourceTree = BUILT_PRODUCTS_DIR; };
		B8A0E7552204DDD700F3A637 /* AppDelegate.swift */ = {isa = PBXFileReference; lastKnownFileType = sourcecode.swift; path = AppDelegate.swift; sourceTree = "<group>"; };
		B8A0E7572204DDD700F3A637 /* ViewController.swift */ = {isa = PBXFileReference; lastKnownFileType = sourcecode.swift; path = ViewController.swift; sourceTree = "<group>"; };
		B8A0E75A2204DDD700F3A637 /* Base */ = {isa = PBXFileReference; lastKnownFileType = file.storyboard; name = Base; path = Base.lproj/Main.storyboard; sourceTree = "<group>"; };
		B8A0E75C2204DDD800F3A637 /* Assets.xcassets */ = {isa = PBXFileReference; lastKnownFileType = folder.assetcatalog; path = Assets.xcassets; sourceTree = "<group>"; };
		B8A0E75F2204DDD800F3A637 /* Base */ = {isa = PBXFileReference; lastKnownFileType = file.storyboard; name = Base; path = Base.lproj/LaunchScreen.storyboard; sourceTree = "<group>"; };
		B8A0E7612204DDD800F3A637 /* Info.plist */ = {isa = PBXFileReference; lastKnownFileType = text.plist.xml; path = Info.plist; sourceTree = "<group>"; };
		B8A0E7662204DDD800F3A637 /* producthuntclientTests.xctest */ = {isa = PBXFileReference; explicitFileType = wrapper.cfbundle; includeInIndex = 0; path = producthuntclientTests.xctest; sourceTree = BUILT_PRODUCTS_DIR; };
		B8A0E76A2204DDD800F3A637 /* producthuntclientTests.swift */ = {isa = PBXFileReference; lastKnownFileType = sourcecode.swift; path = producthuntclientTests.swift; sourceTree = "<group>"; };
		B8A0E76C2204DDD800F3A637 /* Info.plist */ = {isa = PBXFileReference; lastKnownFileType = text.plist.xml; path = Info.plist; sourceTree = "<group>"; };
		B8A0E7712204DDD800F3A637 /* producthuntclientUITests.xctest */ = {isa = PBXFileReference; explicitFileType = wrapper.cfbundle; includeInIndex = 0; path = producthuntclientUITests.xctest; sourceTree = BUILT_PRODUCTS_DIR; };
		B8A0E7752204DDD800F3A637 /* producthuntclientUITests.swift */ = {isa = PBXFileReference; lastKnownFileType = sourcecode.swift; path = producthuntclientUITests.swift; sourceTree = "<group>"; };
		B8A0E7772204DDD800F3A637 /* Info.plist */ = {isa = PBXFileReference; lastKnownFileType = text.plist.xml; path = Info.plist; sourceTree = "<group>"; };
		B8A0E7862204E43F00F3A637 /* Config.plist */ = {isa = PBXFileReference; lastKnownFileType = text.plist.xml; path = Config.plist; sourceTree = "<group>"; };
		B8A0E7882204EC9E00F3A637 /* ConfigurationKeys.swift */ = {isa = PBXFileReference; lastKnownFileType = sourcecode.swift; path = ConfigurationKeys.swift; sourceTree = "<group>"; };
		B8A0E78B2204EEA200F3A637 /* ConfigurationProvider.swift */ = {isa = PBXFileReference; lastKnownFileType = sourcecode.swift; path = ConfigurationProvider.swift; sourceTree = "<group>"; };
		BD853D82938AB3291487134A /* Pods_producthuntclient.framework */ = {isa = PBXFileReference; explicitFileType = wrapper.framework; includeInIndex = 0; path = Pods_producthuntclient.framework; sourceTree = BUILT_PRODUCTS_DIR; };
		BF9B1C0766C58282296E92E2 /* Pods-producthuntclientTests.release.xcconfig */ = {isa = PBXFileReference; includeInIndex = 1; lastKnownFileType = text.xcconfig; name = "Pods-producthuntclientTests.release.xcconfig"; path = "Pods/Target Support Files/Pods-producthuntclientTests/Pods-producthuntclientTests.release.xcconfig"; sourceTree = "<group>"; };
		C117B29301682A120B59D782 /* Pods-producthuntclient.debug.xcconfig */ = {isa = PBXFileReference; includeInIndex = 1; lastKnownFileType = text.xcconfig; name = "Pods-producthuntclient.debug.xcconfig"; path = "Pods/Target Support Files/Pods-producthuntclient/Pods-producthuntclient.debug.xcconfig"; sourceTree = "<group>"; };
/* End PBXFileReference section */

/* Begin PBXFrameworksBuildPhase section */
		B8A0E74F2204DDD700F3A637 /* Frameworks */ = {
			isa = PBXFrameworksBuildPhase;
			buildActionMask = 2147483647;
			files = (
				38869CBF36851C0F00E12C4B /* Pods_producthuntclient.framework in Frameworks */,
			);
			runOnlyForDeploymentPostprocessing = 0;
		};
		B8A0E7632204DDD800F3A637 /* Frameworks */ = {
			isa = PBXFrameworksBuildPhase;
			buildActionMask = 2147483647;
			files = (
				603119D80C592DDCC821EEEC /* Pods_producthuntclientTests.framework in Frameworks */,
			);
			runOnlyForDeploymentPostprocessing = 0;
		};
		B8A0E76E2204DDD800F3A637 /* Frameworks */ = {
			isa = PBXFrameworksBuildPhase;
			buildActionMask = 2147483647;
			files = (
				85DA5048C5E3FEF04CD314E7 /* Pods_producthuntclientUITests.framework in Frameworks */,
			);
			runOnlyForDeploymentPostprocessing = 0;
		};
/* End PBXFrameworksBuildPhase section */

/* Begin PBXGroup section */
		23BDDB9B028713ED889EAC07 /* Pods */ = {
			isa = PBXGroup;
			children = (
				C117B29301682A120B59D782 /* Pods-producthuntclient.debug.xcconfig */,
				84C2F5773C6971DF36BEA0CD /* Pods-producthuntclient.release.xcconfig */,
				26A4DB93A03A44B8CA71AB97 /* Pods-producthuntclientTests.debug.xcconfig */,
				BF9B1C0766C58282296E92E2 /* Pods-producthuntclientTests.release.xcconfig */,
				A07A6E89EEE542C38229CC77 /* Pods-producthuntclientUITests.debug.xcconfig */,
				3623366D2861F318C0BEF6E3 /* Pods-producthuntclientUITests.release.xcconfig */,
			);
			name = Pods;
			sourceTree = "<group>";
		};
		B8A0E7492204DDD600F3A637 = {
			isa = PBXGroup;
			children = (
				B8A0E7542204DDD700F3A637 /* producthuntclient */,
				B8A0E7692204DDD800F3A637 /* producthuntclientTests */,
				B8A0E7742204DDD800F3A637 /* producthuntclientUITests */,
				B8A0E7532204DDD700F3A637 /* Products */,
				23BDDB9B028713ED889EAC07 /* Pods */,
				EB170E8754B99D9DB42E58E2 /* Frameworks */,
			);
			sourceTree = "<group>";
		};
		B8A0E7532204DDD700F3A637 /* Products */ = {
			isa = PBXGroup;
			children = (
				B8A0E7522204DDD700F3A637 /* producthuntclient.app */,
				B8A0E7662204DDD800F3A637 /* producthuntclientTests.xctest */,
				B8A0E7712204DDD800F3A637 /* producthuntclientUITests.xctest */,
			);
			name = Products;
			sourceTree = "<group>";
		};
		B8A0E7542204DDD700F3A637 /* producthuntclient */ = {
			isa = PBXGroup;
			children = (
				B8A0E78A2204EE3500F3A637 /* Utils */,
				B8A0E7842204E40900F3A637 /* Resources */,
				B8A0E7552204DDD700F3A637 /* AppDelegate.swift */,
				B8A0E7572204DDD700F3A637 /* ViewController.swift */,
				B8A0E7592204DDD700F3A637 /* Main.storyboard */,
				B8A0E75C2204DDD800F3A637 /* Assets.xcassets */,
				B8A0E75E2204DDD800F3A637 /* LaunchScreen.storyboard */,
				B8A0E7612204DDD800F3A637 /* Info.plist */,
			);
			path = producthuntclient;
			sourceTree = "<group>";
		};
		B8A0E7692204DDD800F3A637 /* producthuntclientTests */ = {
			isa = PBXGroup;
			children = (
				B8A0E76A2204DDD800F3A637 /* producthuntclientTests.swift */,
				B8A0E76C2204DDD800F3A637 /* Info.plist */,
			);
			path = producthuntclientTests;
			sourceTree = "<group>";
		};
		B8A0E7742204DDD800F3A637 /* producthuntclientUITests */ = {
			isa = PBXGroup;
			children = (
				B8A0E7752204DDD800F3A637 /* producthuntclientUITests.swift */,
				B8A0E7772204DDD800F3A637 /* Info.plist */,
			);
			path = producthuntclientUITests;
			sourceTree = "<group>";
		};
		B8A0E7842204E40900F3A637 /* Resources */ = {
			isa = PBXGroup;
			children = (
				B8A0E7852204E41400F3A637 /* Config */,
			);
			path = Resources;
			sourceTree = "<group>";
		};
		B8A0E7852204E41400F3A637 /* Config */ = {
			isa = PBXGroup;
			children = (
				B8A0E7862204E43F00F3A637 /* Config.plist */,
			);
			path = Config;
			sourceTree = "<group>";
		};
		B8A0E78A2204EE3500F3A637 /* Utils */ = {
			isa = PBXGroup;
			children = (
				B8A0E7882204EC9E00F3A637 /* ConfigurationKeys.swift */,
				B8A0E78B2204EEA200F3A637 /* ConfigurationProvider.swift */,
			);
			path = Utils;
			sourceTree = "<group>";
		};
		EB170E8754B99D9DB42E58E2 /* Frameworks */ = {
			isa = PBXGroup;
			children = (
				BD853D82938AB3291487134A /* Pods_producthuntclient.framework */,
				424F6B50B7475C8AA659C775 /* Pods_producthuntclientTests.framework */,
				A4FE7388B5BBA7449CAF7C3C /* Pods_producthuntclientUITests.framework */,
			);
			name = Frameworks;
			sourceTree = "<group>";
		};
/* End PBXGroup section */

/* Begin PBXNativeTarget section */
		B8A0E7512204DDD700F3A637 /* producthuntclient */ = {
			isa = PBXNativeTarget;
			buildConfigurationList = B8A0E77A2204DDD800F3A637 /* Build configuration list for PBXNativeTarget "producthuntclient" */;
			buildPhases = (
				40F57FACE5BED66CEC1AB57B /* [CP] Check Pods Manifest.lock */,
				B8A0E74E2204DDD700F3A637 /* Sources */,
				B8A0E74F2204DDD700F3A637 /* Frameworks */,
				B8A0E7502204DDD700F3A637 /* Resources */,
				74A7B2A52483552FAB1B76D9 /* [CP] Embed Pods Frameworks */,
			);
			buildRules = (
			);
			dependencies = (
			);
			name = producthuntclient;
			productName = producthuntclient;
			productReference = B8A0E7522204DDD700F3A637 /* producthuntclient.app */;
			productType = "com.apple.product-type.application";
		};
		B8A0E7652204DDD800F3A637 /* producthuntclientTests */ = {
			isa = PBXNativeTarget;
			buildConfigurationList = B8A0E77D2204DDD800F3A637 /* Build configuration list for PBXNativeTarget "producthuntclientTests" */;
			buildPhases = (
				0ED66B2BC0C5F96449349474 /* [CP] Check Pods Manifest.lock */,
				B8A0E7622204DDD800F3A637 /* Sources */,
				B8A0E7632204DDD800F3A637 /* Frameworks */,
				B8A0E7642204DDD800F3A637 /* Resources */,
			);
			buildRules = (
			);
			dependencies = (
				B8A0E7682204DDD800F3A637 /* PBXTargetDependency */,
			);
			name = producthuntclientTests;
			productName = producthuntclientTests;
			productReference = B8A0E7662204DDD800F3A637 /* producthuntclientTests.xctest */;
			productType = "com.apple.product-type.bundle.unit-test";
		};
		B8A0E7702204DDD800F3A637 /* producthuntclientUITests */ = {
			isa = PBXNativeTarget;
			buildConfigurationList = B8A0E7802204DDD800F3A637 /* Build configuration list for PBXNativeTarget "producthuntclientUITests" */;
			buildPhases = (
				3BC21BBFB84E374E8DDAAABF /* [CP] Check Pods Manifest.lock */,
				B8A0E76D2204DDD800F3A637 /* Sources */,
				B8A0E76E2204DDD800F3A637 /* Frameworks */,
				B8A0E76F2204DDD800F3A637 /* Resources */,
			);
			buildRules = (
			);
			dependencies = (
				B8A0E7732204DDD800F3A637 /* PBXTargetDependency */,
			);
			name = producthuntclientUITests;
			productName = producthuntclientUITests;
			productReference = B8A0E7712204DDD800F3A637 /* producthuntclientUITests.xctest */;
			productType = "com.apple.product-type.bundle.ui-testing";
		};
/* End PBXNativeTarget section */

/* Begin PBXProject section */
		B8A0E74A2204DDD600F3A637 /* Project object */ = {
			isa = PBXProject;
			attributes = {
				LastSwiftUpdateCheck = 1010;
				LastUpgradeCheck = 1010;
				ORGANIZATIONNAME = "Alex Korzh";
				TargetAttributes = {
					B8A0E7512204DDD700F3A637 = {
						CreatedOnToolsVersion = 10.1;
					};
					B8A0E7652204DDD800F3A637 = {
						CreatedOnToolsVersion = 10.1;
						TestTargetID = B8A0E7512204DDD700F3A637;
					};
					B8A0E7702204DDD800F3A637 = {
						CreatedOnToolsVersion = 10.1;
						TestTargetID = B8A0E7512204DDD700F3A637;
					};
				};
			};
			buildConfigurationList = B8A0E74D2204DDD600F3A637 /* Build configuration list for PBXProject "producthuntclient" */;
			compatibilityVersion = "Xcode 9.3";
			developmentRegion = en;
			hasScannedForEncodings = 0;
			knownRegions = (
				en,
				Base,
			);
			mainGroup = B8A0E7492204DDD600F3A637;
			productRefGroup = B8A0E7532204DDD700F3A637 /* Products */;
			projectDirPath = "";
			projectRoot = "";
			targets = (
				B8A0E7512204DDD700F3A637 /* producthuntclient */,
				B8A0E7652204DDD800F3A637 /* producthuntclientTests */,
				B8A0E7702204DDD800F3A637 /* producthuntclientUITests */,
			);
		};
/* End PBXProject section */

/* Begin PBXResourcesBuildPhase section */
		B8A0E7502204DDD700F3A637 /* Resources */ = {
			isa = PBXResourcesBuildPhase;
			buildActionMask = 2147483647;
			files = (
				B8A0E7872204E43F00F3A637 /* Config.plist in Resources */,
				B8A0E7602204DDD800F3A637 /* LaunchScreen.storyboard in Resources */,
				B8A0E75D2204DDD800F3A637 /* Assets.xcassets in Resources */,
				B8A0E75B2204DDD700F3A637 /* Main.storyboard in Resources */,
			);
			runOnlyForDeploymentPostprocessing = 0;
		};
		B8A0E7642204DDD800F3A637 /* Resources */ = {
			isa = PBXResourcesBuildPhase;
			buildActionMask = 2147483647;
			files = (
			);
			runOnlyForDeploymentPostprocessing = 0;
		};
		B8A0E76F2204DDD800F3A637 /* Resources */ = {
			isa = PBXResourcesBuildPhase;
			buildActionMask = 2147483647;
			files = (
			);
			runOnlyForDeploymentPostprocessing = 0;
		};
/* End PBXResourcesBuildPhase section */

/* Begin PBXShellScriptBuildPhase section */
		0ED66B2BC0C5F96449349474 /* [CP] Check Pods Manifest.lock */ = {
			isa = PBXShellScriptBuildPhase;
			buildActionMask = 2147483647;
			files = (
			);
			inputFileListPaths = (
			);
			inputPaths = (
				"${PODS_PODFILE_DIR_PATH}/Podfile.lock",
				"${PODS_ROOT}/Manifest.lock",
			);
			name = "[CP] Check Pods Manifest.lock";
			outputFileListPaths = (
			);
			outputPaths = (
				"$(DERIVED_FILE_DIR)/Pods-producthuntclientTests-checkManifestLockResult.txt",
			);
			runOnlyForDeploymentPostprocessing = 0;
			shellPath = /bin/sh;
			shellScript = "diff \"${PODS_PODFILE_DIR_PATH}/Podfile.lock\" \"${PODS_ROOT}/Manifest.lock\" > /dev/null\nif [ $? != 0 ] ; then\n    # print error to STDERR\n    echo \"error: The sandbox is not in sync with the Podfile.lock. Run 'pod install' or update your CocoaPods installation.\" >&2\n    exit 1\nfi\n# This output is used by Xcode 'outputs' to avoid re-running this script phase.\necho \"SUCCESS\" > \"${SCRIPT_OUTPUT_FILE_0}\"\n";
			showEnvVarsInLog = 0;
		};
		3BC21BBFB84E374E8DDAAABF /* [CP] Check Pods Manifest.lock */ = {
			isa = PBXShellScriptBuildPhase;
			buildActionMask = 2147483647;
			files = (
			);
			inputFileListPaths = (
			);
			inputPaths = (
				"${PODS_PODFILE_DIR_PATH}/Podfile.lock",
				"${PODS_ROOT}/Manifest.lock",
			);
			name = "[CP] Check Pods Manifest.lock";
			outputFileListPaths = (
			);
			outputPaths = (
				"$(DERIVED_FILE_DIR)/Pods-producthuntclientUITests-checkManifestLockResult.txt",
			);
			runOnlyForDeploymentPostprocessing = 0;
			shellPath = /bin/sh;
			shellScript = "diff \"${PODS_PODFILE_DIR_PATH}/Podfile.lock\" \"${PODS_ROOT}/Manifest.lock\" > /dev/null\nif [ $? != 0 ] ; then\n    # print error to STDERR\n    echo \"error: The sandbox is not in sync with the Podfile.lock. Run 'pod install' or update your CocoaPods installation.\" >&2\n    exit 1\nfi\n# This output is used by Xcode 'outputs' to avoid re-running this script phase.\necho \"SUCCESS\" > \"${SCRIPT_OUTPUT_FILE_0}\"\n";
			showEnvVarsInLog = 0;
		};
		40F57FACE5BED66CEC1AB57B /* [CP] Check Pods Manifest.lock */ = {
			isa = PBXShellScriptBuildPhase;
			buildActionMask = 2147483647;
			files = (
			);
			inputFileListPaths = (
			);
			inputPaths = (
				"${PODS_PODFILE_DIR_PATH}/Podfile.lock",
				"${PODS_ROOT}/Manifest.lock",
			);
			name = "[CP] Check Pods Manifest.lock";
			outputFileListPaths = (
			);
			outputPaths = (
				"$(DERIVED_FILE_DIR)/Pods-producthuntclient-checkManifestLockResult.txt",
			);
			runOnlyForDeploymentPostprocessing = 0;
			shellPath = /bin/sh;
			shellScript = "diff \"${PODS_PODFILE_DIR_PATH}/Podfile.lock\" \"${PODS_ROOT}/Manifest.lock\" > /dev/null\nif [ $? != 0 ] ; then\n    # print error to STDERR\n    echo \"error: The sandbox is not in sync with the Podfile.lock. Run 'pod install' or update your CocoaPods installation.\" >&2\n    exit 1\nfi\n# This output is used by Xcode 'outputs' to avoid re-running this script phase.\necho \"SUCCESS\" > \"${SCRIPT_OUTPUT_FILE_0}\"\n";
			showEnvVarsInLog = 0;
		};
		74A7B2A52483552FAB1B76D9 /* [CP] Embed Pods Frameworks */ = {
			isa = PBXShellScriptBuildPhase;
			buildActionMask = 2147483647;
			files = (
			);
			inputFileListPaths = (
			);
			inputPaths = (
				"${SRCROOT}/Pods/Target Support Files/Pods-producthuntclient/Pods-producthuntclient-frameworks.sh",
				"${BUILT_PRODUCTS_DIR}/Alamofire/Alamofire.framework",
			);
			name = "[CP] Embed Pods Frameworks";
			outputFileListPaths = (
			);
			outputPaths = (
				"${TARGET_BUILD_DIR}/${FRAMEWORKS_FOLDER_PATH}/Alamofire.framework",
			);
			runOnlyForDeploymentPostprocessing = 0;
			shellPath = /bin/sh;
			shellScript = "\"${SRCROOT}/Pods/Target Support Files/Pods-producthuntclient/Pods-producthuntclient-frameworks.sh\"\n";
			showEnvVarsInLog = 0;
		};
/* End PBXShellScriptBuildPhase section */

/* Begin PBXSourcesBuildPhase section */
		B8A0E74E2204DDD700F3A637 /* Sources */ = {
			isa = PBXSourcesBuildPhase;
			buildActionMask = 2147483647;
			files = (
				B8A0E7582204DDD700F3A637 /* ViewController.swift in Sources */,
				B8A0E78C2204EEA200F3A637 /* ConfigurationProvider.swift in Sources */,
				B8A0E7562204DDD700F3A637 /* AppDelegate.swift in Sources */,
				B8A0E7892204EC9E00F3A637 /* ConfigurationKeys.swift in Sources */,
			);
			runOnlyForDeploymentPostprocessing = 0;
		};
		B8A0E7622204DDD800F3A637 /* Sources */ = {
			isa = PBXSourcesBuildPhase;
			buildActionMask = 2147483647;
			files = (
				B8A0E76B2204DDD800F3A637 /* producthuntclientTests.swift in Sources */,
			);
			runOnlyForDeploymentPostprocessing = 0;
		};
		B8A0E76D2204DDD800F3A637 /* Sources */ = {
			isa = PBXSourcesBuildPhase;
			buildActionMask = 2147483647;
			files = (
				B8A0E7762204DDD800F3A637 /* producthuntclientUITests.swift in Sources */,
			);
			runOnlyForDeploymentPostprocessing = 0;
		};
/* End PBXSourcesBuildPhase section */

/* Begin PBXTargetDependency section */
		B8A0E7682204DDD800F3A637 /* PBXTargetDependency */ = {
			isa = PBXTargetDependency;
			target = B8A0E7512204DDD700F3A637 /* producthuntclient */;
			targetProxy = B8A0E7672204DDD800F3A637 /* PBXContainerItemProxy */;
		};
		B8A0E7732204DDD800F3A637 /* PBXTargetDependency */ = {
			isa = PBXTargetDependency;
			target = B8A0E7512204DDD700F3A637 /* producthuntclient */;
			targetProxy = B8A0E7722204DDD800F3A637 /* PBXContainerItemProxy */;
		};
/* End PBXTargetDependency section */

/* Begin PBXVariantGroup section */
		B8A0E7592204DDD700F3A637 /* Main.storyboard */ = {
			isa = PBXVariantGroup;
			children = (
				B8A0E75A2204DDD700F3A637 /* Base */,
			);
			name = Main.storyboard;
			sourceTree = "<group>";
		};
		B8A0E75E2204DDD800F3A637 /* LaunchScreen.storyboard */ = {
			isa = PBXVariantGroup;
			children = (
				B8A0E75F2204DDD800F3A637 /* Base */,
			);
			name = LaunchScreen.storyboard;
			sourceTree = "<group>";
		};
/* End PBXVariantGroup section */

/* Begin XCBuildConfiguration section */
		B8A0E7782204DDD800F3A637 /* Debug */ = {
			isa = XCBuildConfiguration;
			buildSettings = {
				ALWAYS_SEARCH_USER_PATHS = NO;
				CLANG_ANALYZER_NONNULL = YES;
				CLANG_ANALYZER_NUMBER_OBJECT_CONVERSION = YES_AGGRESSIVE;
				CLANG_CXX_LANGUAGE_STANDARD = "gnu++14";
				CLANG_CXX_LIBRARY = "libc++";
				CLANG_ENABLE_MODULES = YES;
				CLANG_ENABLE_OBJC_ARC = YES;
				CLANG_ENABLE_OBJC_WEAK = YES;
				CLANG_WARN_BLOCK_CAPTURE_AUTORELEASING = YES;
				CLANG_WARN_BOOL_CONVERSION = YES;
				CLANG_WARN_COMMA = YES;
				CLANG_WARN_CONSTANT_CONVERSION = YES;
				CLANG_WARN_DEPRECATED_OBJC_IMPLEMENTATIONS = YES;
				CLANG_WARN_DIRECT_OBJC_ISA_USAGE = YES_ERROR;
				CLANG_WARN_DOCUMENTATION_COMMENTS = YES;
				CLANG_WARN_EMPTY_BODY = YES;
				CLANG_WARN_ENUM_CONVERSION = YES;
				CLANG_WARN_INFINITE_RECURSION = YES;
				CLANG_WARN_INT_CONVERSION = YES;
				CLANG_WARN_NON_LITERAL_NULL_CONVERSION = YES;
				CLANG_WARN_OBJC_IMPLICIT_RETAIN_SELF = YES;
				CLANG_WARN_OBJC_LITERAL_CONVERSION = YES;
				CLANG_WARN_OBJC_ROOT_CLASS = YES_ERROR;
				CLANG_WARN_RANGE_LOOP_ANALYSIS = YES;
				CLANG_WARN_STRICT_PROTOTYPES = YES;
				CLANG_WARN_SUSPICIOUS_MOVE = YES;
				CLANG_WARN_UNGUARDED_AVAILABILITY = YES_AGGRESSIVE;
				CLANG_WARN_UNREACHABLE_CODE = YES;
				CLANG_WARN__DUPLICATE_METHOD_MATCH = YES;
				CODE_SIGN_IDENTITY = "iPhone Developer";
				COPY_PHASE_STRIP = NO;
				DEBUG_INFORMATION_FORMAT = dwarf;
				ENABLE_STRICT_OBJC_MSGSEND = YES;
				ENABLE_TESTABILITY = YES;
				GCC_C_LANGUAGE_STANDARD = gnu11;
				GCC_DYNAMIC_NO_PIC = NO;
				GCC_NO_COMMON_BLOCKS = YES;
				GCC_OPTIMIZATION_LEVEL = 0;
				GCC_PREPROCESSOR_DEFINITIONS = (
					"DEBUG=1",
					"$(inherited)",
				);
				GCC_WARN_64_TO_32_BIT_CONVERSION = YES;
				GCC_WARN_ABOUT_RETURN_TYPE = YES_ERROR;
				GCC_WARN_UNDECLARED_SELECTOR = YES;
				GCC_WARN_UNINITIALIZED_AUTOS = YES_AGGRESSIVE;
				GCC_WARN_UNUSED_FUNCTION = YES;
				GCC_WARN_UNUSED_VARIABLE = YES;
				IPHONEOS_DEPLOYMENT_TARGET = 12.1;
				MTL_ENABLE_DEBUG_INFO = INCLUDE_SOURCE;
				MTL_FAST_MATH = YES;
				ONLY_ACTIVE_ARCH = YES;
				SDKROOT = iphoneos;
				SWIFT_ACTIVE_COMPILATION_CONDITIONS = DEBUG;
				SWIFT_OPTIMIZATION_LEVEL = "-Onone";
			};
			name = Debug;
		};
		B8A0E7792204DDD800F3A637 /* Release */ = {
			isa = XCBuildConfiguration;
			buildSettings = {
				ALWAYS_SEARCH_USER_PATHS = NO;
				CLANG_ANALYZER_NONNULL = YES;
				CLANG_ANALYZER_NUMBER_OBJECT_CONVERSION = YES_AGGRESSIVE;
				CLANG_CXX_LANGUAGE_STANDARD = "gnu++14";
				CLANG_CXX_LIBRARY = "libc++";
				CLANG_ENABLE_MODULES = YES;
				CLANG_ENABLE_OBJC_ARC = YES;
				CLANG_ENABLE_OBJC_WEAK = YES;
				CLANG_WARN_BLOCK_CAPTURE_AUTORELEASING = YES;
				CLANG_WARN_BOOL_CONVERSION = YES;
				CLANG_WARN_COMMA = YES;
				CLANG_WARN_CONSTANT_CONVERSION = YES;
				CLANG_WARN_DEPRECATED_OBJC_IMPLEMENTATIONS = YES;
				CLANG_WARN_DIRECT_OBJC_ISA_USAGE = YES_ERROR;
				CLANG_WARN_DOCUMENTATION_COMMENTS = YES;
				CLANG_WARN_EMPTY_BODY = YES;
				CLANG_WARN_ENUM_CONVERSION = YES;
				CLANG_WARN_INFINITE_RECURSION = YES;
				CLANG_WARN_INT_CONVERSION = YES;
				CLANG_WARN_NON_LITERAL_NULL_CONVERSION = YES;
				CLANG_WARN_OBJC_IMPLICIT_RETAIN_SELF = YES;
				CLANG_WARN_OBJC_LITERAL_CONVERSION = YES;
				CLANG_WARN_OBJC_ROOT_CLASS = YES_ERROR;
				CLANG_WARN_RANGE_LOOP_ANALYSIS = YES;
				CLANG_WARN_STRICT_PROTOTYPES = YES;
				CLANG_WARN_SUSPICIOUS_MOVE = YES;
				CLANG_WARN_UNGUARDED_AVAILABILITY = YES_AGGRESSIVE;
				CLANG_WARN_UNREACHABLE_CODE = YES;
				CLANG_WARN__DUPLICATE_METHOD_MATCH = YES;
				CODE_SIGN_IDENTITY = "iPhone Developer";
				COPY_PHASE_STRIP = NO;
				DEBUG_INFORMATION_FORMAT = "dwarf-with-dsym";
				ENABLE_NS_ASSERTIONS = NO;
				ENABLE_STRICT_OBJC_MSGSEND = YES;
				GCC_C_LANGUAGE_STANDARD = gnu11;
				GCC_NO_COMMON_BLOCKS = YES;
				GCC_WARN_64_TO_32_BIT_CONVERSION = YES;
				GCC_WARN_ABOUT_RETURN_TYPE = YES_ERROR;
				GCC_WARN_UNDECLARED_SELECTOR = YES;
				GCC_WARN_UNINITIALIZED_AUTOS = YES_AGGRESSIVE;
				GCC_WARN_UNUSED_FUNCTION = YES;
				GCC_WARN_UNUSED_VARIABLE = YES;
				IPHONEOS_DEPLOYMENT_TARGET = 12.1;
				MTL_ENABLE_DEBUG_INFO = NO;
				MTL_FAST_MATH = YES;
				SDKROOT = iphoneos;
				SWIFT_COMPILATION_MODE = wholemodule;
				SWIFT_OPTIMIZATION_LEVEL = "-O";
				VALIDATE_PRODUCT = YES;
			};
			name = Release;
		};
		B8A0E77B2204DDD800F3A637 /* Debug */ = {
			isa = XCBuildConfiguration;
			baseConfigurationReference = C117B29301682A120B59D782 /* Pods-producthuntclient.debug.xcconfig */;
			buildSettings = {
				ASSETCATALOG_COMPILER_APPICON_NAME = AppIcon;
				CODE_SIGN_STYLE = Automatic;
				DEVELOPMENT_TEAM = AE55N5W9E2;
				INFOPLIST_FILE = producthuntclient/Info.plist;
				LD_RUNPATH_SEARCH_PATHS = (
					"$(inherited)",
					"@executable_path/Frameworks",
				);
				PRODUCT_BUNDLE_IDENTIFIER = AlexKorzh.producthuntclient;
				PRODUCT_NAME = "$(TARGET_NAME)";
				SWIFT_VERSION = 4.2;
				TARGETED_DEVICE_FAMILY = "1,2";
			};
			name = Debug;
		};
		B8A0E77C2204DDD800F3A637 /* Release */ = {
			isa = XCBuildConfiguration;
			baseConfigurationReference = 84C2F5773C6971DF36BEA0CD /* Pods-producthuntclient.release.xcconfig */;
			buildSettings = {
				ASSETCATALOG_COMPILER_APPICON_NAME = AppIcon;
				CODE_SIGN_STYLE = Automatic;
				DEVELOPMENT_TEAM = AE55N5W9E2;
				INFOPLIST_FILE = producthuntclient/Info.plist;
				LD_RUNPATH_SEARCH_PATHS = (
					"$(inherited)",
					"@executable_path/Frameworks",
				);
				PRODUCT_BUNDLE_IDENTIFIER = AlexKorzh.producthuntclient;
				PRODUCT_NAME = "$(TARGET_NAME)";
				SWIFT_VERSION = 4.2;
				TARGETED_DEVICE_FAMILY = "1,2";
			};
			name = Release;
		};
		B8A0E77E2204DDD800F3A637 /* Debug */ = {
			isa = XCBuildConfiguration;
			baseConfigurationReference = 26A4DB93A03A44B8CA71AB97 /* Pods-producthuntclientTests.debug.xcconfig */;
			buildSettings = {
				ALWAYS_EMBED_SWIFT_STANDARD_LIBRARIES = YES;
				BUNDLE_LOADER = "$(TEST_HOST)";
				CODE_SIGN_STYLE = Automatic;
				DEVELOPMENT_TEAM = AE55N5W9E2;
				INFOPLIST_FILE = producthuntclientTests/Info.plist;
				LD_RUNPATH_SEARCH_PATHS = (
					"$(inherited)",
					"@executable_path/Frameworks",
					"@loader_path/Frameworks",
				);
				PRODUCT_BUNDLE_IDENTIFIER = AlexKorzh.producthuntclientTests;
				PRODUCT_NAME = "$(TARGET_NAME)";
				SWIFT_VERSION = 4.2;
				TARGETED_DEVICE_FAMILY = "1,2";
				TEST_HOST = "$(BUILT_PRODUCTS_DIR)/producthuntclient.app/producthuntclient";
			};
			name = Debug;
		};
		B8A0E77F2204DDD800F3A637 /* Release */ = {
			isa = XCBuildConfiguration;
			baseConfigurationReference = BF9B1C0766C58282296E92E2 /* Pods-producthuntclientTests.release.xcconfig */;
			buildSettings = {
				ALWAYS_EMBED_SWIFT_STANDARD_LIBRARIES = YES;
				BUNDLE_LOADER = "$(TEST_HOST)";
				CODE_SIGN_STYLE = Automatic;
				DEVELOPMENT_TEAM = AE55N5W9E2;
				INFOPLIST_FILE = producthuntclientTests/Info.plist;
				LD_RUNPATH_SEARCH_PATHS = (
					"$(inherited)",
					"@executable_path/Frameworks",
					"@loader_path/Frameworks",
				);
				PRODUCT_BUNDLE_IDENTIFIER = AlexKorzh.producthuntclientTests;
				PRODUCT_NAME = "$(TARGET_NAME)";
				SWIFT_VERSION = 4.2;
				TARGETED_DEVICE_FAMILY = "1,2";
				TEST_HOST = "$(BUILT_PRODUCTS_DIR)/producthuntclient.app/producthuntclient";
			};
			name = Release;
		};
		B8A0E7812204DDD800F3A637 /* Debug */ = {
			isa = XCBuildConfiguration;
			baseConfigurationReference = A07A6E89EEE542C38229CC77 /* Pods-producthuntclientUITests.debug.xcconfig */;
			buildSettings = {
				ALWAYS_EMBED_SWIFT_STANDARD_LIBRARIES = YES;
				CODE_SIGN_STYLE = Automatic;
				DEVELOPMENT_TEAM = AE55N5W9E2;
				INFOPLIST_FILE = producthuntclientUITests/Info.plist;
				LD_RUNPATH_SEARCH_PATHS = (
					"$(inherited)",
					"@executable_path/Frameworks",
					"@loader_path/Frameworks",
				);
				PRODUCT_BUNDLE_IDENTIFIER = AlexKorzh.producthuntclientUITests;
				PRODUCT_NAME = "$(TARGET_NAME)";
				SWIFT_VERSION = 4.2;
				TARGETED_DEVICE_FAMILY = "1,2";
				TEST_TARGET_NAME = producthuntclient;
			};
			name = Debug;
		};
		B8A0E7822204DDD800F3A637 /* Release */ = {
			isa = XCBuildConfiguration;
			baseConfigurationReference = 3623366D2861F318C0BEF6E3 /* Pods-producthuntclientUITests.release.xcconfig */;
			buildSettings = {
				ALWAYS_EMBED_SWIFT_STANDARD_LIBRARIES = YES;
				CODE_SIGN_STYLE = Automatic;
				DEVELOPMENT_TEAM = AE55N5W9E2;
				INFOPLIST_FILE = producthuntclientUITests/Info.plist;
				LD_RUNPATH_SEARCH_PATHS = (
					"$(inherited)",
					"@executable_path/Frameworks",
					"@loader_path/Frameworks",
				);
				PRODUCT_BUNDLE_IDENTIFIER = AlexKorzh.producthuntclientUITests;
				PRODUCT_NAME = "$(TARGET_NAME)";
				SWIFT_VERSION = 4.2;
				TARGETED_DEVICE_FAMILY = "1,2";
				TEST_TARGET_NAME = producthuntclient;
			};
			name = Release;
		};
/* End XCBuildConfiguration section */

/* Begin XCConfigurationList section */
		B8A0E74D2204DDD600F3A637 /* Build configuration list for PBXProject "producthuntclient" */ = {
			isa = XCConfigurationList;
			buildConfigurations = (
				B8A0E7782204DDD800F3A637 /* Debug */,
				B8A0E7792204DDD800F3A637 /* Release */,
			);
			defaultConfigurationIsVisible = 0;
			defaultConfigurationName = Release;
		};
		B8A0E77A2204DDD800F3A637 /* Build configuration list for PBXNativeTarget "producthuntclient" */ = {
			isa = XCConfigurationList;
			buildConfigurations = (
				B8A0E77B2204DDD800F3A637 /* Debug */,
				B8A0E77C2204DDD800F3A637 /* Release */,
			);
			defaultConfigurationIsVisible = 0;
			defaultConfigurationName = Release;
		};
		B8A0E77D2204DDD800F3A637 /* Build configuration list for PBXNativeTarget "producthuntclientTests" */ = {
			isa = XCConfigurationList;
			buildConfigurations = (
				B8A0E77E2204DDD800F3A637 /* Debug */,
				B8A0E77F2204DDD800F3A637 /* Release */,
			);
			defaultConfigurationIsVisible = 0;
			defaultConfigurationName = Release;
		};
		B8A0E7802204DDD800F3A637 /* Build configuration list for PBXNativeTarget "producthuntclientUITests" */ = {
			isa = XCConfigurationList;
			buildConfigurations = (
				B8A0E7812204DDD800F3A637 /* Debug */,
				B8A0E7822204DDD800F3A637 /* Release */,
			);
			defaultConfigurationIsVisible = 0;
			defaultConfigurationName = Release;
		};
/* End XCConfigurationList section */
	};
	rootObject = B8A0E74A2204DDD600F3A637 /* Project object */;
}
